// !$*UTF8*$!
{
	archiveVersion = 1;
	classes = {
	};
	objectVersion = 48;
	objects = {

/* Begin PBXBuildFile section */
		387D5AC01FA38F9200D69ECA /* AppDelegate.swift in Sources */ = {isa = PBXBuildFile; fileRef = 387D5ABF1FA38F9200D69ECA /* AppDelegate.swift */; };
		387D5AC51FA38F9200D69ECA /* Main.storyboard in Resources */ = {isa = PBXBuildFile; fileRef = 387D5AC31FA38F9200D69ECA /* Main.storyboard */; };
		387D5ACA1FA38F9200D69ECA /* Assets.xcassets in Resources */ = {isa = PBXBuildFile; fileRef = 387D5AC91FA38F9200D69ECA /* Assets.xcassets */; };
		387D5ACD1FA38F9200D69ECA /* LaunchScreen.storyboard in Resources */ = {isa = PBXBuildFile; fileRef = 387D5ACB1FA38F9200D69ECA /* LaunchScreen.storyboard */; };
		387D5AD81FA38F9200D69ECA /* ColorsWithNavigationTests.swift in Sources */ = {isa = PBXBuildFile; fileRef = 387D5AD71FA38F9200D69ECA /* ColorsWithNavigationTests.swift */; };
		387D5AE31FA38F9200D69ECA /* ColorsWithNavigationUITests.swift in Sources */ = {isa = PBXBuildFile; fileRef = 387D5AE21FA38F9200D69ECA /* ColorsWithNavigationUITests.swift */; };
		387D5AF11FA3920700D69ECA /* ColorsViewController.swift in Sources */ = {isa = PBXBuildFile; fileRef = 387D5AF01FA3920700D69ECA /* ColorsViewController.swift */; };
		387D5AF31FA396E000D69ECA /* Color.swift in Sources */ = {isa = PBXBuildFile; fileRef = 387D5AF21FA396E000D69ECA /* Color.swift */; };
		387D5AF51FA3C98100D69ECA /* ColorDetailViewController.swift in Sources */ = {isa = PBXBuildFile; fileRef = 387D5AF41FA3C98100D69ECA /* ColorDetailViewController.swift */; };
/* End PBXBuildFile section */

/* Begin PBXContainerItemProxy section */
		387D5AD41FA38F9200D69ECA /* PBXContainerItemProxy */ = {
			isa = PBXContainerItemProxy;
			containerPortal = 387D5AB41FA38F9200D69ECA /* Project object */;
			proxyType = 1;
			remoteGlobalIDString = 387D5ABB1FA38F9200D69ECA;
			remoteInfo = ColorsWithNavigation;
		};
		387D5ADF1FA38F9200D69ECA /* PBXContainerItemProxy */ = {
			isa = PBXContainerItemProxy;
			containerPortal = 387D5AB41FA38F9200D69ECA /* Project object */;
			proxyType = 1;
			remoteGlobalIDString = 387D5ABB1FA38F9200D69ECA;
			remoteInfo = ColorsWithNavigation;
		};
/* End PBXContainerItemProxy section */

/* Begin PBXFileReference section */
		387D5ABC1FA38F9200D69ECA /* ColorsWithNavigation.app */ = {isa = PBXFileReference; explicitFileType = wrapper.application; includeInIndex = 0; path = ColorsWithNavigation.app; sourceTree = BUILT_PRODUCTS_DIR; };
		387D5ABF1FA38F9200D69ECA /* AppDelegate.swift */ = {isa = PBXFileReference; lastKnownFileType = sourcecode.swift; path = AppDelegate.swift; sourceTree = "<group>"; };
		387D5AC41FA38F9200D69ECA /* Base */ = {isa = PBXFileReference; lastKnownFileType = file.storyboard; name = Base; path = Base.lproj/Main.storyboard; sourceTree = "<group>"; };
		387D5AC91FA38F9200D69ECA /* Assets.xcassets */ = {isa = PBXFileReference; lastKnownFileType = folder.assetcatalog; path = Assets.xcassets; sourceTree = "<group>"; };
		387D5ACC1FA38F9200D69ECA /* Base */ = {isa = PBXFileReference; lastKnownFileType = file.storyboard; name = Base; path = Base.lproj/LaunchScreen.storyboard; sourceTree = "<group>"; };
		387D5ACE1FA38F9200D69ECA /* Info.plist */ = {isa = PBXFileReference; lastKnownFileType = text.plist.xml; path = Info.plist; sourceTree = "<group>"; };
		387D5AD31FA38F9200D69ECA /* ColorsWithNavigationTests.xctest */ = {isa = PBXFileReference; explicitFileType = wrapper.cfbundle; includeInIndex = 0; path = ColorsWithNavigationTests.xctest; sourceTree = BUILT_PRODUCTS_DIR; };
		387D5AD71FA38F9200D69ECA /* ColorsWithNavigationTests.swift */ = {isa = PBXFileReference; lastKnownFileType = sourcecode.swift; path = ColorsWithNavigationTests.swift; sourceTree = "<group>"; };
		387D5AD91FA38F9200D69ECA /* Info.plist */ = {isa = PBXFileReference; lastKnownFileType = text.plist.xml; path = Info.plist; sourceTree = "<group>"; };
		387D5ADE1FA38F9200D69ECA /* ColorsWithNavigationUITests.xctest */ = {isa = PBXFileReference; explicitFileType = wrapper.cfbundle; includeInIndex = 0; path = ColorsWithNavigationUITests.xctest; sourceTree = BUILT_PRODUCTS_DIR; };
		387D5AE21FA38F9200D69ECA /* ColorsWithNavigationUITests.swift */ = {isa = PBXFileReference; lastKnownFileType = sourcecode.swift; path = ColorsWithNavigationUITests.swift; sourceTree = "<group>"; };
		387D5AE41FA38F9200D69ECA /* Info.plist */ = {isa = PBXFileReference; lastKnownFileType = text.plist.xml; path = Info.plist; sourceTree = "<group>"; };
		387D5AF01FA3920700D69ECA /* ColorsViewController.swift */ = {isa = PBXFileReference; lastKnownFileType = sourcecode.swift; path = ColorsViewController.swift; sourceTree = "<group>"; };
		387D5AF21FA396E000D69ECA /* Color.swift */ = {isa = PBXFileReference; lastKnownFileType = sourcecode.swift; path = Color.swift; sourceTree = "<group>"; };
		387D5AF41FA3C98100D69ECA /* ColorDetailViewController.swift */ = {isa = PBXFileReference; lastKnownFileType = sourcecode.swift; path = ColorDetailViewController.swift; sourceTree = "<group>"; };
/* End PBXFileReference section */

/* Begin PBXFrameworksBuildPhase section */
		387D5AB91FA38F9200D69ECA /* Frameworks */ = {
			isa = PBXFrameworksBuildPhase;
			buildActionMask = 2147483647;
			files = (
			);
			runOnlyForDeploymentPostprocessing = 0;
		};
		387D5AD01FA38F9200D69ECA /* Frameworks */ = {
			isa = PBXFrameworksBuildPhase;
			buildActionMask = 2147483647;
			files = (
			);
			runOnlyForDeploymentPostprocessing = 0;
		};
		387D5ADB1FA38F9200D69ECA /* Frameworks */ = {
			isa = PBXFrameworksBuildPhase;
			buildActionMask = 2147483647;
			files = (
			);
			runOnlyForDeploymentPostprocessing = 0;
		};
/* End PBXFrameworksBuildPhase section */

/* Begin PBXGroup section */
		387D5AB31FA38F9200D69ECA = {
			isa = PBXGroup;
			children = (
				387D5ABE1FA38F9200D69ECA /* ColorsWithNavigation */,
				387D5AD61FA38F9200D69ECA /* ColorsWithNavigationTests */,
				387D5AE11FA38F9200D69ECA /* ColorsWithNavigationUITests */,
				387D5ABD1FA38F9200D69ECA /* Products */,
			);
			sourceTree = "<group>";
		};
		387D5ABD1FA38F9200D69ECA /* Products */ = {
			isa = PBXGroup;
			children = (
				387D5ABC1FA38F9200D69ECA /* ColorsWithNavigation.app */,
				387D5AD31FA38F9200D69ECA /* ColorsWithNavigationTests.xctest */,
				387D5ADE1FA38F9200D69ECA /* ColorsWithNavigationUITests.xctest */,
			);
			name = Products;
			sourceTree = "<group>";
		};
		387D5ABE1FA38F9200D69ECA /* ColorsWithNavigation */ = {
			isa = PBXGroup;
			children = (
				387D5ABF1FA38F9200D69ECA /* AppDelegate.swift */,
				387D5AC31FA38F9200D69ECA /* Main.storyboard */,
				387D5AF01FA3920700D69ECA /* ColorsViewController.swift */,
				387D5AC91FA38F9200D69ECA /* Assets.xcassets */,
				387D5ACB1FA38F9200D69ECA /* LaunchScreen.storyboard */,
				387D5ACE1FA38F9200D69ECA /* Info.plist */,
				387D5AF21FA396E000D69ECA /* Color.swift */,
				387D5AF41FA3C98100D69ECA /* ColorDetailViewController.swift */,
			);
			path = ColorsWithNavigation;
			sourceTree = "<group>";
		};
		387D5AD61FA38F9200D69ECA /* ColorsWithNavigationTests */ = {
			isa = PBXGroup;
			children = (
				387D5AD71FA38F9200D69ECA /* ColorsWithNavigationTests.swift */,
				387D5AD91FA38F9200D69ECA /* Info.plist */,
			);
			path = ColorsWithNavigationTests;
			sourceTree = "<group>";
		};
		387D5AE11FA38F9200D69ECA /* ColorsWithNavigationUITests */ = {
			isa = PBXGroup;
			children = (
				387D5AE21FA38F9200D69ECA /* ColorsWithNavigationUITests.swift */,
				387D5AE41FA38F9200D69ECA /* Info.plist */,
			);
			path = ColorsWithNavigationUITests;
			sourceTree = "<group>";
		};
/* End PBXGroup section */

/* Begin PBXNativeTarget section */
		387D5ABB1FA38F9200D69ECA /* ColorsWithNavigation */ = {
			isa = PBXNativeTarget;
			buildConfigurationList = 387D5AE71FA38F9200D69ECA /* Build configuration list for PBXNativeTarget "ColorsWithNavigation" */;
			buildPhases = (
				387D5AB81FA38F9200D69ECA /* Sources */,
				387D5AB91FA38F9200D69ECA /* Frameworks */,
				387D5ABA1FA38F9200D69ECA /* Resources */,
			);
			buildRules = (
			);
			dependencies = (
			);
			name = ColorsWithNavigation;
			productName = ColorsWithNavigation;
			productReference = 387D5ABC1FA38F9200D69ECA /* ColorsWithNavigation.app */;
			productType = "com.apple.product-type.application";
		};
		387D5AD21FA38F9200D69ECA /* ColorsWithNavigationTests */ = {
			isa = PBXNativeTarget;
			buildConfigurationList = 387D5AEA1FA38F9200D69ECA /* Build configuration list for PBXNativeTarget "ColorsWithNavigationTests" */;
			buildPhases = (
				387D5ACF1FA38F9200D69ECA /* Sources */,
				387D5AD01FA38F9200D69ECA /* Frameworks */,
				387D5AD11FA38F9200D69ECA /* Resources */,
			);
			buildRules = (
			);
			dependencies = (
				387D5AD51FA38F9200D69ECA /* PBXTargetDependency */,
			);
			name = ColorsWithNavigationTests;
			productName = ColorsWithNavigationTests;
			productReference = 387D5AD31FA38F9200D69ECA /* ColorsWithNavigationTests.xctest */;
			productType = "com.apple.product-type.bundle.unit-test";
		};
		387D5ADD1FA38F9200D69ECA /* ColorsWithNavigationUITests */ = {
			isa = PBXNativeTarget;
			buildConfigurationList = 387D5AED1FA38F9200D69ECA /* Build configuration list for PBXNativeTarget "ColorsWithNavigationUITests" */;
			buildPhases = (
				387D5ADA1FA38F9200D69ECA /* Sources */,
				387D5ADB1FA38F9200D69ECA /* Frameworks */,
				387D5ADC1FA38F9200D69ECA /* Resources */,
			);
			buildRules = (
			);
			dependencies = (
				387D5AE01FA38F9200D69ECA /* PBXTargetDependency */,
			);
			name = ColorsWithNavigationUITests;
			productName = ColorsWithNavigationUITests;
			productReference = 387D5ADE1FA38F9200D69ECA /* ColorsWithNavigationUITests.xctest */;
			productType = "com.apple.product-type.bundle.ui-testing";
		};
/* End PBXNativeTarget section */

/* Begin PBXProject section */
		387D5AB41FA38F9200D69ECA /* Project object */ = {
			isa = PBXProject;
			attributes = {
				LastSwiftUpdateCheck = 0900;
				LastUpgradeCheck = 0900;
				ORGANIZATIONNAME = "Wade Tobin";
				TargetAttributes = {
					387D5ABB1FA38F9200D69ECA = {
						CreatedOnToolsVersion = 9.0.1;
						ProvisioningStyle = Automatic;
					};
					387D5AD21FA38F9200D69ECA = {
						CreatedOnToolsVersion = 9.0.1;
						ProvisioningStyle = Automatic;
						TestTargetID = 387D5ABB1FA38F9200D69ECA;
					};
					387D5ADD1FA38F9200D69ECA = {
						CreatedOnToolsVersion = 9.0.1;
						ProvisioningStyle = Automatic;
						TestTargetID = 387D5ABB1FA38F9200D69ECA;
					};
				};
			};
			buildConfigurationList = 387D5AB71FA38F9200D69ECA /* Build configuration list for PBXProject "ColorsWithNavigation" */;
			compatibilityVersion = "Xcode 8.0";
			developmentRegion = en;
			hasScannedForEncodings = 0;
			knownRegions = (
				en,
				Base,
			);
			mainGroup = 387D5AB31FA38F9200D69ECA;
			productRefGroup = 387D5ABD1FA38F9200D69ECA /* Products */;
			projectDirPath = "";
			projectRoot = "";
			targets = (
				387D5ABB1FA38F9200D69ECA /* ColorsWithNavigation */,
				387D5AD21FA38F9200D69ECA /* ColorsWithNavigationTests */,
				387D5ADD1FA38F9200D69ECA /* ColorsWithNavigationUITests */,
			);
		};
/* End PBXProject section */

/* Begin PBXResourcesBuildPhase section */
		387D5ABA1FA38F9200D69ECA /* Resources */ = {
			isa = PBXResourcesBuildPhase;
			buildActionMask = 2147483647;
			files = (
				387D5ACD1FA38F9200D69ECA /* LaunchScreen.storyboard in Resources */,
				387D5ACA1FA38F9200D69ECA /* Assets.xcassets in Resources */,
				387D5AC51FA38F9200D69ECA /* Main.storyboard in Resources */,
			);
			runOnlyForDeploymentPostprocessing = 0;
		};
		387D5AD11FA38F9200D69ECA /* Resources */ = {
			isa = PBXResourcesBuildPhase;
			buildActionMask = 2147483647;
			files = (
			);
			runOnlyForDeploymentPostprocessing = 0;
		};
		387D5ADC1FA38F9200D69ECA /* Resources */ = {
			isa = PBXResourcesBuildPhase;
			buildActionMask = 2147483647;
			files = (
			);
			runOnlyForDeploymentPostprocessing = 0;
		};
/* End PBXResourcesBuildPhase section */

/* Begin PBXSourcesBuildPhase section */
		387D5AB81FA38F9200D69ECA /* Sources */ = {
			isa = PBXSourcesBuildPhase;
			buildActionMask = 2147483647;
			files = (
				387D5AF31FA396E000D69ECA /* Color.swift in Sources */,
				387D5AF11FA3920700D69ECA /* ColorsViewController.swift in Sources */,
				387D5AC01FA38F9200D69ECA /* AppDelegate.swift in Sources */,
				387D5AF51FA3C98100D69ECA /* ColorDetailViewController.swift in Sources */,
			);
			runOnlyForDeploymentPostprocessing = 0;
		};
		387D5ACF1FA38F9200D69ECA /* Sources */ = {
			isa = PBXSourcesBuildPhase;
			buildActionMask = 2147483647;
			files = (
				387D5AD81FA38F9200D69ECA /* ColorsWithNavigationTests.swift in Sources */,
			);
			runOnlyForDeploymentPostprocessing = 0;
		};
		387D5ADA1FA38F9200D69ECA /* Sources */ = {
			isa = PBXSourcesBuildPhase;
			buildActionMask = 2147483647;
			files = (
				387D5AE31FA38F9200D69ECA /* ColorsWithNavigationUITests.swift in Sources */,
			);
			runOnlyForDeploymentPostprocessing = 0;
		};
/* End PBXSourcesBuildPhase section */

/* Begin PBXTargetDependency section */
		387D5AD51FA38F9200D69ECA /* PBXTargetDependency */ = {
			isa = PBXTargetDependency;
			target = 387D5ABB1FA38F9200D69ECA /* ColorsWithNavigation */;
			targetProxy = 387D5AD41FA38F9200D69ECA /* PBXContainerItemProxy */;
		};
		387D5AE01FA38F9200D69ECA /* PBXTargetDependency */ = {
			isa = PBXTargetDependency;
			target = 387D5ABB1FA38F9200D69ECA /* ColorsWithNavigation */;
			targetProxy = 387D5ADF1FA38F9200D69ECA /* PBXContainerItemProxy */;
		};
/* End PBXTargetDependency section */

/* Begin PBXVariantGroup section */
		387D5AC31FA38F9200D69ECA /* Main.storyboard */ = {
			isa = PBXVariantGroup;
			children = (
				387D5AC41FA38F9200D69ECA /* Base */,
			);
			name = Main.storyboard;
			sourceTree = "<group>";
		};
		387D5ACB1FA38F9200D69ECA /* LaunchScreen.storyboard */ = {
			isa = PBXVariantGroup;
			children = (
				387D5ACC1FA38F9200D69ECA /* Base */,
			);
			name = LaunchScreen.storyboard;
			sourceTree = "<group>";
		};
/* End PBXVariantGroup section */

/* Begin XCBuildConfiguration section */
		387D5AE51FA38F9200D69ECA /* Debug */ = {
			isa = XCBuildConfiguration;
			buildSettings = {
				ALWAYS_SEARCH_USER_PATHS = NO;
				CLANG_ANALYZER_NONNULL = YES;
				CLANG_ANALYZER_NUMBER_OBJECT_CONVERSION = YES_AGGRESSIVE;
				CLANG_CXX_LANGUAGE_STANDARD = "gnu++14";
				CLANG_CXX_LIBRARY = "libc++";
				CLANG_ENABLE_MODULES = YES;
				CLANG_ENABLE_OBJC_ARC = YES;
				CLANG_WARN_BLOCK_CAPTURE_AUTORELEASING = YES;
				CLANG_WARN_BOOL_CONVERSION = YES;
				CLANG_WARN_COMMA = YES;
				CLANG_WARN_CONSTANT_CONVERSION = YES;
				CLANG_WARN_DIRECT_OBJC_ISA_USAGE = YES_ERROR;
				CLANG_WARN_DOCUMENTATION_COMMENTS = YES;
				CLANG_WARN_EMPTY_BODY = YES;
				CLANG_WARN_ENUM_CONVERSION = YES;
				CLANG_WARN_INFINITE_RECURSION = YES;
				CLANG_WARN_INT_CONVERSION = YES;
				CLANG_WARN_NON_LITERAL_NULL_CONVERSION = YES;
				CLANG_WARN_OBJC_LITERAL_CONVERSION = YES;
				CLANG_WARN_OBJC_ROOT_CLASS = YES_ERROR;
				CLANG_WARN_RANGE_LOOP_ANALYSIS = YES;
				CLANG_WARN_STRICT_PROTOTYPES = YES;
				CLANG_WARN_SUSPICIOUS_MOVE = YES;
				CLANG_WARN_UNGUARDED_AVAILABILITY = YES_AGGRESSIVE;
				CLANG_WARN_UNREACHABLE_CODE = YES;
				CLANG_WARN__DUPLICATE_METHOD_MATCH = YES;
				CODE_SIGN_IDENTITY = "iPhone Developer";
				COPY_PHASE_STRIP = NO;
				DEBUG_INFORMATION_FORMAT = dwarf;
				ENABLE_STRICT_OBJC_MSGSEND = YES;
				ENABLE_TESTABILITY = YES;
				GCC_C_LANGUAGE_STANDARD = gnu11;
				GCC_DYNAMIC_NO_PIC = NO;
				GCC_NO_COMMON_BLOCKS = YES;
				GCC_OPTIMIZATION_LEVEL = 0;
				GCC_PREPROCESSOR_DEFINITIONS = (
					"DEBUG=1",
					"$(inherited)",
				);
				GCC_WARN_64_TO_32_BIT_CONVERSION = YES;
				GCC_WARN_ABOUT_RETURN_TYPE = YES_ERROR;
				GCC_WARN_UNDECLARED_SELECTOR = YES;
				GCC_WARN_UNINITIALIZED_AUTOS = YES_AGGRESSIVE;
				GCC_WARN_UNUSED_FUNCTION = YES;
				GCC_WARN_UNUSED_VARIABLE = YES;
				IPHONEOS_DEPLOYMENT_TARGET = 11.0;
				MTL_ENABLE_DEBUG_INFO = YES;
				ONLY_ACTIVE_ARCH = YES;
				SDKROOT = iphoneos;
				SWIFT_ACTIVE_COMPILATION_CONDITIONS = DEBUG;
				SWIFT_OPTIMIZATION_LEVEL = "-Onone";
			};
			name = Debug;
		};
		387D5AE61FA38F9200D69ECA /* Release */ = {
			isa = XCBuildConfiguration;
			buildSettings = {
				ALWAYS_SEARCH_USER_PATHS = NO;
				CLANG_ANALYZER_NONNULL = YES;
				CLANG_ANALYZER_NUMBER_OBJECT_CONVERSION = YES_AGGRESSIVE;
				CLANG_CXX_LANGUAGE_STANDARD = "gnu++14";
				CLANG_CXX_LIBRARY = "libc++";
				CLANG_ENABLE_MODULES = YES;
				CLANG_ENABLE_OBJC_ARC = YES;
				CLANG_WARN_BLOCK_CAPTURE_AUTORELEASING = YES;
				CLANG_WARN_BOOL_CONVERSION = YES;
				CLANG_WARN_COMMA = YES;
				CLANG_WARN_CONSTANT_CONVERSION = YES;
				CLANG_WARN_DIRECT_OBJC_ISA_USAGE = YES_ERROR;
				CLANG_WARN_DOCUMENTATION_COMMENTS = YES;
				CLANG_WARN_EMPTY_BODY = YES;
				CLANG_WARN_ENUM_CONVERSION = YES;
				CLANG_WARN_INFINITE_RECURSION = YES;
				CLANG_WARN_INT_CONVERSION = YES;
				CLANG_WARN_NON_LITERAL_NULL_CONVERSION = YES;
				CLANG_WARN_OBJC_LITERAL_CONVERSION = YES;
				CLANG_WARN_OBJC_ROOT_CLASS = YES_ERROR;
				CLANG_WARN_RANGE_LOOP_ANALYSIS = YES;
				CLANG_WARN_STRICT_PROTOTYPES = YES;
				CLANG_WARN_SUSPICIOUS_MOVE = YES;
				CLANG_WARN_UNGUARDED_AVAILABILITY = YES_AGGRESSIVE;
				CLANG_WARN_UNREACHABLE_CODE = YES;
				CLANG_WARN__DUPLICATE_METHOD_MATCH = YES;
				CODE_SIGN_IDENTITY = "iPhone Developer";
				COPY_PHASE_STRIP = NO;
				DEBUG_INFORMATION_FORMAT = "dwarf-with-dsym";
				ENABLE_NS_ASSERTIONS = NO;
				ENABLE_STRICT_OBJC_MSGSEND = YES;
				GCC_C_LANGUAGE_STANDARD = gnu11;
				GCC_NO_COMMON_BLOCKS = YES;
				GCC_WARN_64_TO_32_BIT_CONVERSION = YES;
				GCC_WARN_ABOUT_RETURN_TYPE = YES_ERROR;
				GCC_WARN_UNDECLARED_SELECTOR = YES;
				GCC_WARN_UNINITIALIZED_AUTOS = YES_AGGRESSIVE;
				GCC_WARN_UNUSED_FUNCTION = YES;
				GCC_WARN_UNUSED_VARIABLE = YES;
				IPHONEOS_DEPLOYMENT_TARGET = 11.0;
				MTL_ENABLE_DEBUG_INFO = NO;
				SDKROOT = iphoneos;
				SWIFT_OPTIMIZATION_LEVEL = "-Owholemodule";
				VALIDATE_PRODUCT = YES;
			};
			name = Release;
		};
		387D5AE81FA38F9200D69ECA /* Debug */ = {
			isa = XCBuildConfiguration;
			buildSettings = {
				ASSETCATALOG_COMPILER_APPICON_NAME = AppIcon;
				CODE_SIGN_STYLE = Automatic;
				INFOPLIST_FILE = ColorsWithNavigation/Info.plist;
				LD_RUNPATH_SEARCH_PATHS = "$(inherited) @executable_path/Frameworks";
				PRODUCT_BUNDLE_IDENTIFIER = com.WadeTobin.ColorsWithNavigation;
				PRODUCT_NAME = "$(TARGET_NAME)";
				SWIFT_VERSION = 4.0;
				TARGETED_DEVICE_FAMILY = "1,2";
			};
			name = Debug;
		};
		387D5AE91FA38F9200D69ECA /* Release */ = {
			isa = XCBuildConfiguration;
			buildSettings = {
				ASSETCATALOG_COMPILER_APPICON_NAME = AppIcon;
				CODE_SIGN_STYLE = Automatic;
				INFOPLIST_FILE = ColorsWithNavigation/Info.plist;
				LD_RUNPATH_SEARCH_PATHS = "$(inherited) @executable_path/Frameworks";
				PRODUCT_BUNDLE_IDENTIFIER = com.WadeTobin.ColorsWithNavigation;
				PRODUCT_NAME = "$(TARGET_NAME)";
				SWIFT_VERSION = 4.0;
				TARGETED_DEVICE_FAMILY = "1,2";
			};
			name = Release;
		};
		387D5AEB1FA38F9200D69ECA /* Debug */ = {
			isa = XCBuildConfiguration;
			buildSettings = {
				ALWAYS_EMBED_SWIFT_STANDARD_LIBRARIES = YES;
				BUNDLE_LOADER = "$(TEST_HOST)";
				CODE_SIGN_STYLE = Automatic;
				INFOPLIST_FILE = ColorsWithNavigationTests/Info.plist;
				LD_RUNPATH_SEARCH_PATHS = "$(inherited) @executable_path/Frameworks @loader_path/Frameworks";
				PRODUCT_BUNDLE_IDENTIFIER = com.WadeTobin.ColorsWithNavigationTests;
				PRODUCT_NAME = "$(TARGET_NAME)";
				SWIFT_VERSION = 4.0;
				TARGETED_DEVICE_FAMILY = "1,2";
				TEST_HOST = "$(BUILT_PRODUCTS_DIR)/ColorsWithNavigation.app/ColorsWithNavigation";
			};
			name = Debug;
		};
		387D5AEC1FA38F9200D69ECA /* Release */ = {
			isa = XCBuildConfiguration;
			buildSettings = {
				ALWAYS_EMBED_SWIFT_STANDARD_LIBRARIES = YES;
				BUNDLE_LOADER = "$(TEST_HOST)";
				CODE_SIGN_STYLE = Automatic;
				INFOPLIST_FILE = ColorsWithNavigationTests/Info.plist;
				LD_RUNPATH_SEARCH_PATHS = "$(inherited) @executable_path/Frameworks @loader_path/Frameworks";
				PRODUCT_BUNDLE_IDENTIFIER = com.WadeTobin.ColorsWithNavigationTests;
				PRODUCT_NAME = "$(TARGET_NAME)";
				SWIFT_VERSION = 4.0;
				TARGETED_DEVICE_FAMILY = "1,2";
				TEST_HOST = "$(BUILT_PRODUCTS_DIR)/ColorsWithNavigation.app/ColorsWithNavigation";
			};
			name = Release;
		};
		387D5AEE1FA38F9200D69ECA /* Debug */ = {
			isa = XCBuildConfiguration;
			buildSettings = {
				ALWAYS_EMBED_SWIFT_STANDARD_LIBRARIES = YES;
				CODE_SIGN_STYLE = Automatic;
				INFOPLIST_FILE = ColorsWithNavigationUITests/Info.plist;
				LD_RUNPATH_SEARCH_PATHS = "$(inherited) @executable_path/Frameworks @loader_path/Frameworks";
				PRODUCT_BUNDLE_IDENTIFIER = com.WadeTobin.ColorsWithNavigationUITests;
				PRODUCT_NAME = "$(TARGET_NAME)";
				SWIFT_VERSION = 4.0;
				TARGETED_DEVICE_FAMILY = "1,2";
				TEST_TARGET_NAME = ColorsWithNavigation;
			};
			name = Debug;
		};
		387D5AEF1FA38F9200D69ECA /* Release */ = {
			isa = XCBuildConfiguration;
			buildSettings = {
				ALWAYS_EMBED_SWIFT_STANDARD_LIBRARIES = YES;
				CODE_SIGN_STYLE = Automatic;
				INFOPLIST_FILE = ColorsWithNavigationUITests/Info.plist;
				LD_RUNPATH_SEARCH_PATHS = "$(inherited) @executable_path/Frameworks @loader_path/Frameworks";
				PRODUCT_BUNDLE_IDENTIFIER = com.WadeTobin.ColorsWithNavigationUITests;
				PRODUCT_NAME = "$(TARGET_NAME)";
				SWIFT_VERSION = 4.0;
				TARGETED_DEVICE_FAMILY = "1,2";
				TEST_TARGET_NAME = ColorsWithNavigation;
			};
			name = Release;
		};
/* End XCBuildConfiguration section */

/* Begin XCConfigurationList section */
		387D5AB71FA38F9200D69ECA /* Build configuration list for PBXProject "ColorsWithNavigation" */ = {
			isa = XCConfigurationList;
			buildConfigurations = (
				387D5AE51FA38F9200D69ECA /* Debug */,
				387D5AE61FA38F9200D69ECA /* Release */,
			);
			defaultConfigurationIsVisible = 0;
			defaultConfigurationName = Release;
		};
		387D5AE71FA38F9200D69ECA /* Build configuration list for PBXNativeTarget "ColorsWithNavigation" */ = {
			isa = XCConfigurationList;
			buildConfigurations = (
				387D5AE81FA38F9200D69ECA /* Debug */,
				387D5AE91FA38F9200D69ECA /* Release */,
			);
			defaultConfigurationIsVisible = 0;
			defaultConfigurationName = Release;
		};
		387D5AEA1FA38F9200D69ECA /* Build configuration list for PBXNativeTarget "ColorsWithNavigationTests" */ = {
			isa = XCConfigurationList;
			buildConfigurations = (
				387D5AEB1FA38F9200D69ECA /* Debug */,
				387D5AEC1FA38F9200D69ECA /* Release */,
			);
			defaultConfigurationIsVisible = 0;
			defaultConfigurationName = Release;
		};
		387D5AED1FA38F9200D69ECA /* Build configuration list for PBXNativeTarget "ColorsWithNavigationUITests" */ = {
			isa = XCConfigurationList;
			buildConfigurations = (
				387D5AEE1FA38F9200D69ECA /* Debug */,
				387D5AEF1FA38F9200D69ECA /* Release */,
			);
			defaultConfigurationIsVisible = 0;
			defaultConfigurationName = Release;
		};
/* End XCConfigurationList section */
	};
	rootObject = 387D5AB41FA38F9200D69ECA /* Project object */;
}
